[[package]]
category = "main"
description = "Extensible memoizing collections and decorators"
name = "cachetools"
optional = false
python-versions = "*"
version = "3.1.0"

[[package]]
category = "main"
description = "Python package for providing Mozilla's CA Bundle."
name = "certifi"
optional = false
python-versions = "*"
version = "2019.3.9"

[[package]]
category = "main"
description = "Universal encoding detector for Python 2 and 3"
name = "chardet"
optional = false
python-versions = "*"
version = "3.0.4"

[[package]]
category = "main"
description = "Python 3.4 Enum backported to 3.3, 3.2, 3.1, 2.7, 2.6, 2.5, and 2.4"
marker = "extra == \"grpc\""
name = "enum34"
optional = false
python-versions = "*"
version = "1.1.6"

[[package]]
category = "main"
description = "Backport of the concurrent.futures package from Python 3.2"
marker = "extra == \"grpc\""
name = "futures"
optional = false
python-versions = "*"
version = "3.1.1"

[[package]]
category = "main"
description = "Google API client core library"
name = "google-api-core"
optional = false
python-versions = ">=2.7,!=3.0.*,!=3.1.*,!=3.2.*,!=3.3.*"
version = "1.8.2"

[package.dependencies]
google-auth = ">=0.4.0,<2.0dev"
googleapis-common-protos = ">=1.5.3,<1.5.4 || >1.5.4,<2.0dev"
grpcio = ">=1.8.2"
protobuf = ">=3.4.0"
pytz = "*"
requests = ">=2.18.0,<3.0.0dev"
setuptools = ">=34.0.0"
six = ">=1.10.0"

[[package]]
category = "main"
description = "Google Authentication Library"
name = "google-auth"
optional = false
python-versions = ">=2.7,!=3.0.*,!=3.1.*,!=3.2.*,!=3.3.*"
version = "1.6.3"

[package.dependencies]
cachetools = ">=2.0.0"
pyasn1-modules = ">=0.2.1"
rsa = ">=3.1.4"
six = ">=1.9.0"

[[package]]
category = "main"
description = "Google Cloud API client core library"
name = "google-cloud-core"
optional = false
python-versions = ">=2.7,!=3.0.*,!=3.1.*,!=3.2.*,!=3.3.*"
version = "0.29.1"

[package.dependencies]
google-api-core = ">=1.0.0,<2.0.0dev"

[[package]]
category = "main"
description = "Google Cloud Datastore API client library"
name = "google-cloud-datastore"
optional = false
python-versions = ">=2.7,!=3.0.*,!=3.1.*,!=3.2.*,!=3.3.*"
version = "1.7.3"

[package.dependencies]
google-api-core = ">=1.6.0,<2.0.0dev"
google-cloud-core = ">=0.29.0,<0.30dev"

[[package]]
category = "main"
description = "Common protobufs used in Google APIs"
name = "googleapis-common-protos"
optional = false
python-versions = "*"
version = "1.5.9"

[package.dependencies]
protobuf = ">=3.6.0"

[[package]]
category = "main"
description = "HTTP/2-based RPC framework"
marker = "extra == \"grpc\""
name = "grpcio"
optional = false
python-versions = "*"
version = "1.19.0"

[package.dependencies]
enum34 = ">=1.0.4"
futures = ">=2.2.0"
six = ">=1.5.2"

[[package]]
category = "main"
description = "Internationalized Domain Names in Applications (IDNA)"
name = "idna"
optional = false
python-versions = ">=2.7, !=3.0.*, !=3.1.*, !=3.2.*, !=3.3.*"
version = "2.8"

[[package]]
category = "main"
description = "Protocol Buffers"
name = "protobuf"
optional = false
python-versions = "*"
version = "3.7.1"

[package.dependencies]
setuptools = "*"
six = ">=1.9"

[[package]]
category = "main"
description = "ASN.1 types and codecs"
name = "pyasn1"
optional = false
python-versions = "*"
version = "0.4.5"

[[package]]
category = "main"
description = "A collection of ASN.1-based protocols modules."
name = "pyasn1-modules"
optional = false
python-versions = "*"
version = "0.2.4"

[package.dependencies]
pyasn1 = ">=0.4.1,<0.5.0"

[[package]]
category = "main"
description = "World timezone definitions, modern and historical"
name = "pytz"
optional = false
python-versions = "*"
version = "2018.9"

[[package]]
category = "main"
description = "Python HTTP for Humans."
name = "requests"
optional = false
python-versions = ">=2.7, !=3.0.*, !=3.1.*, !=3.2.*, !=3.3.*"
version = "2.21.0"

[package.dependencies]
certifi = ">=2017.4.17"
chardet = ">=3.0.2,<3.1.0"
idna = ">=2.5,<2.9"
urllib3 = ">=1.21.1,<1.25"

[[package]]
category = "main"
description = "Pure-Python RSA implementation"
name = "rsa"
optional = false
python-versions = "*"
version = "4.0"

[package.dependencies]
pyasn1 = ">=0.1.3"

[[package]]
category = "main"
description = "Python 2 and 3 compatibility utilities"
name = "six"
optional = false
python-versions = ">=2.6, !=3.0.*, !=3.1.*"
version = "1.12.0"

[[package]]
category = "main"
description = "HTTP library with thread-safe connection pooling, file post, and more."
name = "urllib3"
optional = false
python-versions = ">=2.7, !=3.0.*, !=3.1.*, !=3.2.*, !=3.3.*, <4"
version = "1.24.1"

[metadata]
content-hash = "d8207adbb2d7554a7839967d4cea300483c4dc02bdf76868ac2521e96f810108"
python-versions = "^3.7"

[metadata.hashes]
cachetools = ["219b7dc6024195b6f2bc3d3f884d1fef458745cd323b04165378622dcc823852", "9efcc9fab3b49ab833475702b55edd5ae07af1af7a4c627678980b45e459c460"]
certifi = ["59b7658e26ca9c7339e00f8f4636cdfe59d34fa37b9b04f6f9e9926b3cece1a5", "b26104d6835d1f5e49452a26eb2ff87fe7090b89dfcaee5ea2212697e1e1d7ae"]
chardet = ["84ab92ed1c4d4f16916e05906b6b75a6c0fb5db821cc65e70cbd64a3e2a5eaae", "fc323ffcaeaed0e0a02bf4d117757b98aed530d9ed4531e3e15460124c106691"]
enum34 = ["2d81cbbe0e73112bdfe6ef8576f2238f2ba27dd0d55752a776c41d38b7da2850", "644837f692e5f550741432dd3f223bbb9852018674981b1664e5dc339387588a", "6bd0f6ad48ec2aa117d3d141940d484deccda84d4fcd884f5c3d93c23ecd8c79", "8ad8c4783bf61ded74527bffb48ed9b54166685e4230386a9ed9b1279e2df5b1"]
futures = ["51ecb45f0add83c806c68e4b06106f90db260585b25ef2abfcda0bd95c0132fd", "c4884a65654a7c45435063e14ae85280eb1f111d94e542396717ba9828c4337f"]
google-api-core = ["16b14c0492154110d869a08be22d27440010057fd826205303c7edaa1c3cd71e", "9f8ef10c924d8a9f50d9156eea7cd779929f27aa23b855ad0abe05424553b66f"]
google-auth = ["0f7c6a64927d34c1a474da92cfc59e552a5d3b940d3266606c6a28b72888b9e4", "20705f6803fd2c4d1cc2dcb0df09d4dfcb9a7d51fd59e94a3a28231fd93119ed"]
google-cloud-core = ["9bee63e0991be9801a4baf0b7841cf54f86c6e7fec922f45ea74cd4032ed4ee4", "d85b1aaaf3bad9415ad1d8ee5eadce96d7007a82f13ce0a0629a003a11e83f29"]
google-cloud-datastore = ["e00bddc03670be206ddcbc5c1cbda0acc51db963f0ff54189bd6710f8e93a4c9", "f344af747955096fd9e412ad5937dfdac317e464cd126f84102652f60864dd1d"]
googleapis-common-protos = ["627ec53fab43d06c1b5c950e217fa9819e169daf753111a7f244e94bf8fb3384"]
grpcio = ["07c7f7b251b26ef94e29d2c19245e34d4d05897325a289b31de3b6a5e16fbd6c", "2ddbca16c2e7b3f2ffc6e34c7cfa6886fb01de9f156ad3f77b72ad652d632097", "30d84f9684b4c81ee37906bb303a84435948c2dd3db55d3ef38f8daf28bc6ea3", "316e6c79fb1585b23ae100ee26f6ffefa91a21e4d39588fa42efadd7f20c7225", "400abff9a772351fff72d5698c8758b837bec3d7f4ed93de70bae744d8f63f53", "4ed90a256f6f8690b5c95b9d4f2e9fe6513628f3674e9068e10637e50c2f93d6", "51fd87ff610ca2f483c668c3fa7f70d479bffb3c14805d2065b51194edea5e26", "5569aba69041530e04eff3d40536027db8851f4e11e6282849b9fc5b1855075d", "566b752e36cdcd5a4d38f292aca4c8e3095f13cfe82606e010d67749cacba341", "5817f970fbfed72a6203ff96349e796d8f6ff3ce85b58af241c4a14190d9f4d1", "5a97bb5a4af16f840f1211dbe66d61592f02110f286d96e67bf6006d7f96aab7", "5d57e41c913152b215eda070955b3544bdf20ed2327e5e5eed3005186220ebd0", "6cec17145978cef3d20093cdc05e88da597ce05076db566a66a35b9c55d416a3", "6ef7ab9b6ba09ce087ddb3b27f12504f50efdbf5d319b8b23173478765452301", "756c0d65e4ebce1c47787dbb48955864f2a768e1df76902f33d3e4062c209f3e", "828d13f0edd27f452af7fc23093c8a2d63d8fbd92595dbd0f698c78b13af9bdb", "8cf02c4e07520be61ad8b59b0043771ef2af666cb73066516eabfee562a28df4", "919dfe84d22ce2e2ae81d82238586d7c2a86714fb0b6cf9b437e336851e3c32d", "b04a061280b06cdc4e68c4147a0f46b98c395cf62f0c6df4fa2a30a083cdc333", "b2dbe7d2f9685bdbb4415f8e475dd96b1b1776193b7286705f90490c3f039037", "b60df7cbc3e77c39d5befe6a1e6e4213f3ca683d743ff7c1622b1d4412245a55", "b740681332b5a042b9e22246a3cdbfc3d644cf73d38e117f20ad9d8deab8f1a5", "ba434873945d5d4542589674cb60c43a1cf76b2b5f0c0f759aa76d499055722f", "bcb44cd53beccc92c730254ad3d50715b67a7432e693961b566d982f759b1787", "be1cbb6cad1d4242e3aaa4143eabcfbf383358f6c8e9951be2c497b65561b075", "c4e38326fcab5c52fd1a8c8e0f908bfe830629a5ffc60793ec5545ef913d62d2", "d03c0524d5953568f74269e0faebb1e880ba9f36ca8c773be397087c35bd8188", "ea897ffa80276565acdd92349ef82a768db0e3327aacd4aec82f79ca10989689", "edc50e8bcd10b165f34c3cf3e1d4f97e9c71b165b85a85b91cf3444000a17692", "f96a2e97df522b50da9cb3795f08199b110ceab4146bf70ea7f6a3a0213786cc", "fadb649a69e3b08e01f090c24f0c8cccc122e92c362c1a1727b695a63be8416b", "fbe4360ff1689a9753cbf1b27dad11e683d39117a32a64372a7c95c6abc81b81"]
idna = ["c357b3f628cf53ae2c4c05627ecc484553142ca23264e593d327bcde5e9c3407", "ea8b7f6188e6fa117537c3df7da9fc686d485087abf6ac197f9c46432f7e4a3c"]
protobuf = ["21e395d7959551e759d604940a115c51c6347d90a475c9baf471a1a86b5604a9", "57e05e16955aee9e6a0389fcbd58d8289dd2420e47df1a1096b3a232c26eb2dd", "67819e8e48a74c68d87f25cad9f40edfe2faf278cdba5ca73173211b9213b8c9", "75da7d43a2c8a13b0bc7238ab3c8ae217cbfd5979d33b01e98e1f78defb2d060", "78e08371e236f193ce947712c072542ff19d0043ab5318c2ea46bbc2aaebdca6", "7ee5b595db5abb0096e8c4755e69c20dfad38b2d0bcc9bc7bafc652d2496b471", "86260ecfe7a66c0e9d82d2c61f86a14aa974d340d159b829b26f35f710f615db", "92c77db4bd33ea4ee5f15152a835273f2338a5246b2cbb84bab5d0d7f6e9ba94", "9c7b90943e0e188394b4f068926a759e3b4f63738190d1ab3d500d53b9ce7614", "a77f217ea50b2542bae5b318f7acee50d9fc8c95dd6d3656eaeff646f7cab5ee", "ad589ed1d1f83db22df867b10e01fe445516a5a4d7cfa37fe3590a5f6cfc508b", "b06a794901bf573f4b2af87e6139e5cd36ac7c91ac85d7ae3fe5b5f6fc317513", "bd8592cc5f8b4371d0bad92543370d4658dc41a5ccaaf105597eb5524c616291", "be48e5a6248a928ec43adf2bea037073e5da692c0b3c10b34f9904793bd63138", "cc5eb13f5ccc4b1b642cc147c2cdd121a34278b341c7a4d79e91182fff425836", "cd3b0e0ad69b74ee55e7c321f52a98effed2b4f4cc9a10f3683d869de00590d5", "d6e88c4920660aa75c0c2c4b53407aef5efd9a6e0ca7d2fc84d79aba2ccbda3a", "ec3c49b6d247152e19110c3a53d9bb4cf917747882017f70796460728b02722e", "f1f5d8b8e0bc9651d81b40ad3d9fb7cdd858ea31fc116dd230393465849dbecd"]
pyasn1 = ["061442c60842f6d11051d4fdae9bc197b64bd41573a12234a753a0cb80b4f30b", "0ee2449bf4c4e535823acc25624c45a8b454f328d59d3f3eeb82d3567100b9bd", "5f9fb05c33e53b9a6ee3b1ed1d292043f83df465852bec876e93b47fd2df7eed", "65201d28e081f690a32401e6253cca4449ccacc8f3988e811fae66bd822910ee", "79b336b073a52fa3c3d8728e78fa56b7d03138ef59f44084de5f39650265b5ff", "8ec20f61483764de281e0b4aba7d12716189700debcfa9e7935780850bf527f3", "9458d0273f95d035de4c0d5e0643f25daba330582cc71bb554fe6969c015042a", "98d97a1833a29ca61cd04a60414def8f02f406d732f9f0bcb49f769faff1b699", "b00d7bfb6603517e189d1ad76967c7e805139f63e43096e5f871d1277f50aea5", "b06c0cfd708b806ea025426aace45551f91ea7f557e0c2d4fbd9a4b346873ce0", "d14d05984581770333731690f5453efd4b82e1e5d824a1d7976b868a2e5c38e8", "da2420fe13a9452d8ae97a0e478adde1dee153b11ba832a95b223a2ba01c10f7", "da6b43a8c9ae93bc80e2739efb38cc776ba74a886e3e9318d65fe81a8b8a2c6e"]
pyasn1-modules = ["136020f884635942239b33abdb63b1e0fdfb3c4bc8693f769ff1ab0908133a5b", "1c2ce0717e099620d7d425d2bb55e68f8126d77c8ba93112f0448a212048fe76", "39da883a45dfc71314c48bba772be63a13946d0dd6abde326df163656a7b13e1", "4160b0caedf8f1675ca7b94a65900d0219c715ac745cbc0c93557a9864b19748", "50c5f454c29bc8a7b8bfffc0fd00fed1f9012160b4532807a33c27af91747337", "52c46ecb2c1e7a03fe54dc8e11d6460ec7ebdcaedba3b0fe4ba2a811521df05f", "6db7a0510e55212b42a1f3e3553559eb214c8c8495e1018b4135d2bfb5a9169a", "79580acf813e3b7d6e69783884e6e83ac94bf4617b36a135b85c599d8a818a7b", "98e80b5ae1ed0d92694927a3e34df016c3b69b7bf439b32fc0a0dc516ec3653d", "9e879981cbf4c868a2267385a56837e0d384eab2d1690e6e0c8bba28d102509e", "a52090e8c5841ebbf08ae455146792d9ef3e8445b21055d3a3b7ed9c712b7c7c", "c00dad1d69d8592bbbc978f5beb3e992d3bf996e6b97eeec1c8608f81221d922", "c226b5c17683d98498e157d6ac0098b93f9c475da5bc50072f64bf3f3f6b828f"]
pytz = ["32b0891edff07e28efe91284ed9c31e123d84bea3fd98e1f72be2508f43ef8d9", "d5f05e487007e29e03409f9398d074e158d920d36eb82eaf66fb1136b0c5374c"]
requests = ["502a824f31acdacb3a35b6690b5fbf0bc41d63a24a45c4004352b0242707598e", "7bf2a778576d825600030a110f3c0e3e8edc51dfaafe1c146e39a2027784957b"]
rsa = ["14ba45700ff1ec9eeb206a2ce76b32814958a98e372006c8fb76ba820211be66", "1a836406405730121ae9823e19c6e806c62bbad73f890574fff50efa4122c487"]
six = ["3350809f0555b11f552448330d0b52d5f24c91a322ea4a15ef22629740f3761c", "d16a0141ec1a18405cd4ce8b4613101da75da0e9a7aec5bdd4fa804d0e0eba73"]
urllib3 = ["61bf29cada3fc2fbefad4fdf059ea4bd1b4a86d2b6d15e1c7c0b582b9752fe39", "de9529817c93f27c8ccbfead6985011db27bd0ddfcdb2d86f3f663385c6a9c22"]
